
Microsoft Visual Studio Solution File, Format Version 12.00
# Visual Studio Version 17
VisualStudioVersion = 17.7.34031.279
MinimumVisualStudioVersion = 10.0.40219.1
Project("{FAE04EC0-301F-11D3-BF4B-00C04F79EFBC}") = "TpRecuperatorioLP", "TpRecuperatorioLP\TpRecuperatorioLP.csproj", "{04361DD0-BE7E-4E0A-9036-3F1FD9B83650}"
EndProject
Global
	GlobalSection(SolutionConfigurationPlatforms) = preSolution
		Debug|Any CPU = Debug|Any CPU
		Release|Any CPU = Release|Any CPU
	EndGlobalSection
	GlobalSection(ProjectConfigurationPlatforms) = postSolution
		{04361DD0-BE7E-4E0A-9036-3F1FD9B83650}.Debug|Any CPU.ActiveCfg = Debug|Any CPU
		{04361DD0-BE7E-4E0A-9036-3F1FD9B83650}.Debug|Any CPU.Build.0 = Debug|Any CPU
		{04361DD0-BE7E-4E0A-9036-3F1FD9B83650}.Release|Any CPU.ActiveCfg = Release|Any CPU
		{04361DD0-BE7E-4E0A-9036-3F1FD9B83650}.Release|Any CPU.Build.0 = Release|Any CPU
	EndGlobalSection
	GlobalSection(SolutionProperties) = preSolution
		HideSolutionNode = FALSE
	EndGlobalSection
	GlobalSection(ExtensibilityGlobals) = postSolution
		SolutionGuid = {E07EA9EF-BAB7-474B-B096-9FEECF0CFE15}
	EndGlobalSection
EndGlobal
